// !$*UTF8*$!
{
	archiveVersion = 1;
	classes = {
	};
	objectVersion = 56;
	objects = {

/* Begin PBXBuildFile section */
		402BBD9429BBABDD001193BA /* SchematicEditor.swift in Sources */ = {isa = PBXBuildFile; fileRef = 402BBD9329BBABDD001193BA /* SchematicEditor.swift */; };
		402BBD9729BBB487001193BA /* SchSecondaryToolbar.swift in Sources */ = {isa = PBXBuildFile; fileRef = 402BBD9629BBB487001193BA /* SchSecondaryToolbar.swift */; };
		402BBD9929BBB8C7001193BA /* SchPrimaryToolbar.swift in Sources */ = {isa = PBXBuildFile; fileRef = 402BBD9829BBB8C7001193BA /* SchPrimaryToolbar.swift */; };
		40555D5029B98AF3001422E1 /* TabulaApp.swift in Sources */ = {isa = PBXBuildFile; fileRef = 40555D4F29B98AF3001422E1 /* TabulaApp.swift */; };
		40555D5229B98AF3001422E1 /* TabulaDocument.swift in Sources */ = {isa = PBXBuildFile; fileRef = 40555D5129B98AF3001422E1 /* TabulaDocument.swift */; };
		40555D5429B98AF3001422E1 /* ContentView.swift in Sources */ = {isa = PBXBuildFile; fileRef = 40555D5329B98AF3001422E1 /* ContentView.swift */; };
		40555D5629B98AF5001422E1 /* Assets.xcassets in Resources */ = {isa = PBXBuildFile; fileRef = 40555D5529B98AF5001422E1 /* Assets.xcassets */; };
		40555D5929B98AF5001422E1 /* Preview Assets.xcassets in Resources */ = {isa = PBXBuildFile; fileRef = 40555D5829B98AF5001422E1 /* Preview Assets.xcassets */; };
		40555D6429B98B19001422E1 /* Canvas.swift in Sources */ = {isa = PBXBuildFile; fileRef = 40555D6329B98B19001422E1 /* Canvas.swift */; };
		40555D6729B9A8B1001422E1 /* Grid.swift in Sources */ = {isa = PBXBuildFile; fileRef = 40555D6629B9A8B1001422E1 /* Grid.swift */; };
		40555D6D29BA3A11001422E1 /* CanvasItem.swift in Sources */ = {isa = PBXBuildFile; fileRef = 40555D6C29BA3A11001422E1 /* CanvasItem.swift */; };
		40555D6F29BA3DE4001422E1 /* Component.swift in Sources */ = {isa = PBXBuildFile; fileRef = 40555D6E29BA3DE4001422E1 /* Component.swift */; };
		40555D7129BA3E0E001422E1 /* Symbol.swift in Sources */ = {isa = PBXBuildFile; fileRef = 40555D7029BA3E0E001422E1 /* Symbol.swift */; };
		40555D7329BA3E13001422E1 /* Footprint.swift in Sources */ = {isa = PBXBuildFile; fileRef = 40555D7229BA3E13001422E1 /* Footprint.swift */; };
/* End PBXBuildFile section */

/* Begin PBXFileReference section */
		402BBD9329BBABDD001193BA /* SchematicEditor.swift */ = {isa = PBXFileReference; lastKnownFileType = sourcecode.swift; path = SchematicEditor.swift; sourceTree = "<group>"; };
		402BBD9629BBB487001193BA /* SchSecondaryToolbar.swift */ = {isa = PBXFileReference; lastKnownFileType = sourcecode.swift; path = SchSecondaryToolbar.swift; sourceTree = "<group>"; };
		402BBD9829BBB8C7001193BA /* SchPrimaryToolbar.swift */ = {isa = PBXFileReference; lastKnownFileType = sourcecode.swift; path = SchPrimaryToolbar.swift; sourceTree = "<group>"; };
		40555D4C29B98AF3001422E1 /* Tabula.app */ = {isa = PBXFileReference; explicitFileType = wrapper.application; includeInIndex = 0; path = Tabula.app; sourceTree = BUILT_PRODUCTS_DIR; };
		40555D4F29B98AF3001422E1 /* TabulaApp.swift */ = {isa = PBXFileReference; lastKnownFileType = sourcecode.swift; path = TabulaApp.swift; sourceTree = "<group>"; };
		40555D5129B98AF3001422E1 /* TabulaDocument.swift */ = {isa = PBXFileReference; lastKnownFileType = sourcecode.swift; path = TabulaDocument.swift; sourceTree = "<group>"; };
		40555D5329B98AF3001422E1 /* ContentView.swift */ = {isa = PBXFileReference; lastKnownFileType = sourcecode.swift; path = ContentView.swift; sourceTree = "<group>"; };
		40555D5529B98AF5001422E1 /* Assets.xcassets */ = {isa = PBXFileReference; lastKnownFileType = folder.assetcatalog; path = Assets.xcassets; sourceTree = "<group>"; };
		40555D5829B98AF5001422E1 /* Preview Assets.xcassets */ = {isa = PBXFileReference; lastKnownFileType = folder.assetcatalog; path = "Preview Assets.xcassets"; sourceTree = "<group>"; };
		40555D5A29B98AF5001422E1 /* Info.plist */ = {isa = PBXFileReference; lastKnownFileType = text.plist.xml; path = Info.plist; sourceTree = "<group>"; };
		40555D5B29B98AF5001422E1 /* Tabula.entitlements */ = {isa = PBXFileReference; lastKnownFileType = text.plist.entitlements; path = Tabula.entitlements; sourceTree = "<group>"; };
		40555D6329B98B19001422E1 /* Canvas.swift */ = {isa = PBXFileReference; lastKnownFileType = sourcecode.swift; path = Canvas.swift; sourceTree = "<group>"; };
		40555D6629B9A8B1001422E1 /* Grid.swift */ = {isa = PBXFileReference; lastKnownFileType = sourcecode.swift; path = Grid.swift; sourceTree = "<group>"; };
		40555D6C29BA3A11001422E1 /* CanvasItem.swift */ = {isa = PBXFileReference; lastKnownFileType = sourcecode.swift; path = CanvasItem.swift; sourceTree = "<group>"; };
		40555D6E29BA3DE4001422E1 /* Component.swift */ = {isa = PBXFileReference; lastKnownFileType = sourcecode.swift; path = Component.swift; sourceTree = "<group>"; };
		40555D7029BA3E0E001422E1 /* Symbol.swift */ = {isa = PBXFileReference; lastKnownFileType = sourcecode.swift; path = Symbol.swift; sourceTree = "<group>"; };
		40555D7229BA3E13001422E1 /* Footprint.swift */ = {isa = PBXFileReference; lastKnownFileType = sourcecode.swift; path = Footprint.swift; sourceTree = "<group>"; };
/* End PBXFileReference section */

/* Begin PBXFrameworksBuildPhase section */
		40555D4929B98AF3001422E1 /* Frameworks */ = {
			isa = PBXFrameworksBuildPhase;
			buildActionMask = 2147483647;
			files = (
			);
			runOnlyForDeploymentPostprocessing = 0;
		};
/* End PBXFrameworksBuildPhase section */

/* Begin PBXGroup section */
		402BBD9529BBB478001193BA /* Editor */ = {
			isa = PBXGroup;
			children = (
				402BBD9A29BBDA00001193BA /* Schematic */,
			);
			path = Editor;
			sourceTree = "<group>";
		};
		402BBD9A29BBDA00001193BA /* Schematic */ = {
			isa = PBXGroup;
			children = (
				402BBD9829BBB8C7001193BA /* SchPrimaryToolbar.swift */,
				402BBD9629BBB487001193BA /* SchSecondaryToolbar.swift */,
			);
			path = Schematic;
			sourceTree = "<group>";
		};
		40555D4329B98AF3001422E1 = {
			isa = PBXGroup;
			children = (
				40555D4E29B98AF3001422E1 /* Tabula */,
				40555D4D29B98AF3001422E1 /* Products */,
			);
			sourceTree = "<group>";
		};
		40555D4D29B98AF3001422E1 /* Products */ = {
			isa = PBXGroup;
			children = (
				40555D4C29B98AF3001422E1 /* Tabula.app */,
			);
			name = Products;
			sourceTree = "<group>";
		};
		40555D4E29B98AF3001422E1 /* Tabula */ = {
			isa = PBXGroup;
			children = (
				40555D4F29B98AF3001422E1 /* TabulaApp.swift */,
				40555D5129B98AF3001422E1 /* TabulaDocument.swift */,
				40555D6129B98AFB001422E1 /* Views */,
				40555D6229B98B01001422E1 /* Models */,
				40555D5529B98AF5001422E1 /* Assets.xcassets */,
				40555D5A29B98AF5001422E1 /* Info.plist */,
				40555D5B29B98AF5001422E1 /* Tabula.entitlements */,
				40555D5729B98AF5001422E1 /* Preview Content */,
			);
			path = Tabula;
			sourceTree = "<group>";
		};
		40555D5729B98AF5001422E1 /* Preview Content */ = {
			isa = PBXGroup;
			children = (
				40555D5829B98AF5001422E1 /* Preview Assets.xcassets */,
			);
			path = "Preview Content";
			sourceTree = "<group>";
		};
		40555D6129B98AFB001422E1 /* Views */ = {
			isa = PBXGroup;
			children = (
				40555D5329B98AF3001422E1 /* ContentView.swift */,
				402BBD9329BBABDD001193BA /* SchematicEditor.swift */,
				402BBD9529BBB478001193BA /* Editor */,
				40555D6529B9A8AA001422E1 /* Canvas */,
			);
			path = Views;
			sourceTree = "<group>";
		};
		40555D6229B98B01001422E1 /* Models */ = {
			isa = PBXGroup;
			children = (
				40555D7029BA3E0E001422E1 /* Symbol.swift */,
				40555D7229BA3E13001422E1 /* Footprint.swift */,
			);
			path = Models;
			sourceTree = "<group>";
		};
		40555D6529B9A8AA001422E1 /* Canvas */ = {
			isa = PBXGroup;
			children = (
				40555D6329B98B19001422E1 /* Canvas.swift */,
				40555D6E29BA3DE4001422E1 /* Component.swift */,
				40555D6C29BA3A11001422E1 /* CanvasItem.swift */,
				40555D6629B9A8B1001422E1 /* Grid.swift */,
			);
			path = Canvas;
			sourceTree = "<group>";
		};
/* End PBXGroup section */

/* Begin PBXNativeTarget section */
		40555D4B29B98AF3001422E1 /* Tabula */ = {
			isa = PBXNativeTarget;
			buildConfigurationList = 40555D5E29B98AF5001422E1 /* Build configuration list for PBXNativeTarget "Tabula" */;
			buildPhases = (
				40555D4829B98AF3001422E1 /* Sources */,
				40555D4929B98AF3001422E1 /* Frameworks */,
				40555D4A29B98AF3001422E1 /* Resources */,
			);
			buildRules = (
			);
			dependencies = (
			);
			name = Tabula;
			productName = Tabula;
			productReference = 40555D4C29B98AF3001422E1 /* Tabula.app */;
			productType = "com.apple.product-type.application";
		};
/* End PBXNativeTarget section */

/* Begin PBXProject section */
		40555D4429B98AF3001422E1 /* Project object */ = {
			isa = PBXProject;
			attributes = {
				BuildIndependentTargetsInParallel = 1;
				LastSwiftUpdateCheck = 1420;
				LastUpgradeCheck = 1420;
				TargetAttributes = {
					40555D4B29B98AF3001422E1 = {
						CreatedOnToolsVersion = 14.2;
					};
				};
			};
			buildConfigurationList = 40555D4729B98AF3001422E1 /* Build configuration list for PBXProject "Tabula" */;
			compatibilityVersion = "Xcode 14.0";
			developmentRegion = en;
			hasScannedForEncodings = 0;
			knownRegions = (
				en,
				Base,
			);
			mainGroup = 40555D4329B98AF3001422E1;
			productRefGroup = 40555D4D29B98AF3001422E1 /* Products */;
			projectDirPath = "";
			projectRoot = "";
			targets = (
				40555D4B29B98AF3001422E1 /* Tabula */,
			);
		};
/* End PBXProject section */

/* Begin PBXResourcesBuildPhase section */
		40555D4A29B98AF3001422E1 /* Resources */ = {
			isa = PBXResourcesBuildPhase;
			buildActionMask = 2147483647;
			files = (
				40555D5929B98AF5001422E1 /* Preview Assets.xcassets in Resources */,
				40555D5629B98AF5001422E1 /* Assets.xcassets in Resources */,
			);
			runOnlyForDeploymentPostprocessing = 0;
		};
/* End PBXResourcesBuildPhase section */

/* Begin PBXSourcesBuildPhase section */
		40555D4829B98AF3001422E1 /* Sources */ = {
			isa = PBXSourcesBuildPhase;
			buildActionMask = 2147483647;
			files = (
				40555D5029B98AF3001422E1 /* TabulaApp.swift in Sources */,
				40555D6F29BA3DE4001422E1 /* Component.swift in Sources */,
				40555D5229B98AF3001422E1 /* TabulaDocument.swift in Sources */,
				40555D5429B98AF3001422E1 /* ContentView.swift in Sources */,
				40555D6729B9A8B1001422E1 /* Grid.swift in Sources */,
				40555D7329BA3E13001422E1 /* Footprint.swift in Sources */,
				402BBD9429BBABDD001193BA /* SchematicEditor.swift in Sources */,
				402BBD9929BBB8C7001193BA /* SchPrimaryToolbar.swift in Sources */,
				40555D7129BA3E0E001422E1 /* Symbol.swift in Sources */,
				40555D6D29BA3A11001422E1 /* CanvasItem.swift in Sources */,
				402BBD9729BBB487001193BA /* SchSecondaryToolbar.swift in Sources */,
				40555D6429B98B19001422E1 /* Canvas.swift in Sources */,
			);
			runOnlyForDeploymentPostprocessing = 0;
		};
/* End PBXSourcesBuildPhase section */

/* Begin XCBuildConfiguration section */
		40555D5C29B98AF5001422E1 /* Debug */ = {
			isa = XCBuildConfiguration;
			buildSettings = {
				ALWAYS_SEARCH_USER_PATHS = NO;
				CLANG_ANALYZER_NONNULL = YES;
				CLANG_ANALYZER_NUMBER_OBJECT_CONVERSION = YES_AGGRESSIVE;
				CLANG_CXX_LANGUAGE_STANDARD = "gnu++20";
				CLANG_ENABLE_MODULES = YES;
				CLANG_ENABLE_OBJC_ARC = YES;
				CLANG_ENABLE_OBJC_WEAK = YES;
				CLANG_WARN_BLOCK_CAPTURE_AUTORELEASING = YES;
				CLANG_WARN_BOOL_CONVERSION = YES;
				CLANG_WARN_COMMA = YES;
				CLANG_WARN_CONSTANT_CONVERSION = YES;
				CLANG_WARN_DEPRECATED_OBJC_IMPLEMENTATIONS = YES;
				CLANG_WARN_DIRECT_OBJC_ISA_USAGE = YES_ERROR;
				CLANG_WARN_DOCUMENTATION_COMMENTS = YES;
				CLANG_WARN_EMPTY_BODY = YES;
				CLANG_WARN_ENUM_CONVERSION = YES;
				CLANG_WARN_INFINITE_RECURSION = YES;
				CLANG_WARN_INT_CONVERSION = YES;
				CLANG_WARN_NON_LITERAL_NULL_CONVERSION = YES;
				CLANG_WARN_OBJC_IMPLICIT_RETAIN_SELF = YES;
				CLANG_WARN_OBJC_LITERAL_CONVERSION = YES;
				CLANG_WARN_OBJC_ROOT_CLASS = YES_ERROR;
				CLANG_WARN_QUOTED_INCLUDE_IN_FRAMEWORK_HEADER = YES;
				CLANG_WARN_RANGE_LOOP_ANALYSIS = YES;
				CLANG_WARN_STRICT_PROTOTYPES = YES;
				CLANG_WARN_SUSPICIOUS_MOVE = YES;
				CLANG_WARN_UNGUARDED_AVAILABILITY = YES_AGGRESSIVE;
				CLANG_WARN_UNREACHABLE_CODE = YES;
				CLANG_WARN__DUPLICATE_METHOD_MATCH = YES;
				COPY_PHASE_STRIP = NO;
				DEBUG_INFORMATION_FORMAT = dwarf;
				ENABLE_STRICT_OBJC_MSGSEND = YES;
				ENABLE_TESTABILITY = YES;
				GCC_C_LANGUAGE_STANDARD = gnu11;
				GCC_DYNAMIC_NO_PIC = NO;
				GCC_NO_COMMON_BLOCKS = YES;
				GCC_OPTIMIZATION_LEVEL = 0;
				GCC_PREPROCESSOR_DEFINITIONS = (
					"DEBUG=1",
					"$(inherited)",
				);
				GCC_WARN_64_TO_32_BIT_CONVERSION = YES;
				GCC_WARN_ABOUT_RETURN_TYPE = YES_ERROR;
				GCC_WARN_UNDECLARED_SELECTOR = YES;
				GCC_WARN_UNINITIALIZED_AUTOS = YES_AGGRESSIVE;
				GCC_WARN_UNUSED_FUNCTION = YES;
				GCC_WARN_UNUSED_VARIABLE = YES;
				MACOSX_DEPLOYMENT_TARGET = 13.1;
				MTL_ENABLE_DEBUG_INFO = INCLUDE_SOURCE;
				MTL_FAST_MATH = YES;
				ONLY_ACTIVE_ARCH = YES;
				SDKROOT = macosx;
				SWIFT_ACTIVE_COMPILATION_CONDITIONS = DEBUG;
				SWIFT_OPTIMIZATION_LEVEL = "-Onone";
			};
			name = Debug;
		};
		40555D5D29B98AF5001422E1 /* Release */ = {
			isa = XCBuildConfiguration;
			buildSettings = {
				ALWAYS_SEARCH_USER_PATHS = NO;
				CLANG_ANALYZER_NONNULL = YES;
				CLANG_ANALYZER_NUMBER_OBJECT_CONVERSION = YES_AGGRESSIVE;
				CLANG_CXX_LANGUAGE_STANDARD = "gnu++20";
				CLANG_ENABLE_MODULES = YES;
				CLANG_ENABLE_OBJC_ARC = YES;
				CLANG_ENABLE_OBJC_WEAK = YES;
				CLANG_WARN_BLOCK_CAPTURE_AUTORELEASING = YES;
				CLANG_WARN_BOOL_CONVERSION = YES;
				CLANG_WARN_COMMA = YES;
				CLANG_WARN_CONSTANT_CONVERSION = YES;
				CLANG_WARN_DEPRECATED_OBJC_IMPLEMENTATIONS = YES;
				CLANG_WARN_DIRECT_OBJC_ISA_USAGE = YES_ERROR;
				CLANG_WARN_DOCUMENTATION_COMMENTS = YES;
				CLANG_WARN_EMPTY_BODY = YES;
				CLANG_WARN_ENUM_CONVERSION = YES;
				CLANG_WARN_INFINITE_RECURSION = YES;
				CLANG_WARN_INT_CONVERSION = YES;
				CLANG_WARN_NON_LITERAL_NULL_CONVERSION = YES;
				CLANG_WARN_OBJC_IMPLICIT_RETAIN_SELF = YES;
				CLANG_WARN_OBJC_LITERAL_CONVERSION = YES;
				CLANG_WARN_OBJC_ROOT_CLASS = YES_ERROR;
				CLANG_WARN_QUOTED_INCLUDE_IN_FRAMEWORK_HEADER = YES;
				CLANG_WARN_RANGE_LOOP_ANALYSIS = YES;
				CLANG_WARN_STRICT_PROTOTYPES = YES;
				CLANG_WARN_SUSPICIOUS_MOVE = YES;
				CLANG_WARN_UNGUARDED_AVAILABILITY = YES_AGGRESSIVE;
				CLANG_WARN_UNREACHABLE_CODE = YES;
				CLANG_WARN__DUPLICATE_METHOD_MATCH = YES;
				COPY_PHASE_STRIP = NO;
				DEBUG_INFORMATION_FORMAT = "dwarf-with-dsym";
				ENABLE_NS_ASSERTIONS = NO;
				ENABLE_STRICT_OBJC_MSGSEND = YES;
				GCC_C_LANGUAGE_STANDARD = gnu11;
				GCC_NO_COMMON_BLOCKS = YES;
				GCC_WARN_64_TO_32_BIT_CONVERSION = YES;
				GCC_WARN_ABOUT_RETURN_TYPE = YES_ERROR;
				GCC_WARN_UNDECLARED_SELECTOR = YES;
				GCC_WARN_UNINITIALIZED_AUTOS = YES_AGGRESSIVE;
				GCC_WARN_UNUSED_FUNCTION = YES;
				GCC_WARN_UNUSED_VARIABLE = YES;
				MACOSX_DEPLOYMENT_TARGET = 13.1;
				MTL_ENABLE_DEBUG_INFO = NO;
				MTL_FAST_MATH = YES;
				SDKROOT = macosx;
				SWIFT_COMPILATION_MODE = wholemodule;
				SWIFT_OPTIMIZATION_LEVEL = "-O";
			};
			name = Release;
		};
		40555D5F29B98AF5001422E1 /* Debug */ = {
			isa = XCBuildConfiguration;
			buildSettings = {
				ASSETCATALOG_COMPILER_APPICON_NAME = AppIcon;
				ASSETCATALOG_COMPILER_GLOBAL_ACCENT_COLOR_NAME = AccentColor;
				CODE_SIGN_ENTITLEMENTS = Tabula/Tabula.entitlements;
				CODE_SIGN_STYLE = Automatic;
				COMBINE_HIDPI_IMAGES = YES;
				CURRENT_PROJECT_VERSION = 1;
				DEVELOPMENT_ASSET_PATHS = "\"Tabula/Preview Content\"";
				DEVELOPMENT_TEAM = 84WPVNZ8GM;
				ENABLE_HARDENED_RUNTIME = YES;
				ENABLE_PREVIEWS = YES;
				GENERATE_INFOPLIST_FILE = YES;
				INFOPLIST_FILE = Tabula/Info.plist;
				INFOPLIST_KEY_NSHumanReadableCopyright = "";
				LD_RUNPATH_SEARCH_PATHS = (
					"$(inherited)",
					"@executable_path/../Frameworks",
				);
				MARKETING_VERSION = 1.0;
				PRODUCT_BUNDLE_IDENTIFIER = AdinAck.Tabula;
				PRODUCT_NAME = "$(TARGET_NAME)";
				SWIFT_EMIT_LOC_STRINGS = YES;
				SWIFT_VERSION = 5.0;
			};
			name = Debug;
		};
		40555D6029B98AF5001422E1 /* Release */ = {
			isa = XCBuildConfiguration;
			buildSettings = {
				ASSETCATALOG_COMPILER_APPICON_NAME = AppIcon;
				ASSETCATALOG_COMPILER_GLOBAL_ACCENT_COLOR_NAME = AccentColor;
				CODE_SIGN_ENTITLEMENTS = Tabula/Tabula.entitlements;
				CODE_SIGN_STYLE = Automatic;
				COMBINE_HIDPI_IMAGES = YES;
				CURRENT_PROJECT_VERSION = 1;
				DEVELOPMENT_ASSET_PATHS = "\"Tabula/Preview Content\"";
				DEVELOPMENT_TEAM = 84WPVNZ8GM;
				ENABLE_HARDENED_RUNTIME = YES;
				ENABLE_PREVIEWS = YES;
				GENERATE_INFOPLIST_FILE = YES;
				INFOPLIST_FILE = Tabula/Info.plist;
				INFOPLIST_KEY_NSHumanReadableCopyright = "";
				LD_RUNPATH_SEARCH_PATHS = (
					"$(inherited)",
					"@executable_path/../Frameworks",
				);
				MARKETING_VERSION = 1.0;
				PRODUCT_BUNDLE_IDENTIFIER = AdinAck.Tabula;
				PRODUCT_NAME = "$(TARGET_NAME)";
				SWIFT_EMIT_LOC_STRINGS = YES;
				SWIFT_VERSION = 5.0;
			};
			name = Release;
		};
/* End XCBuildConfiguration section */

/* Begin XCConfigurationList section */
		40555D4729B98AF3001422E1 /* Build configuration list for PBXProject "Tabula" */ = {
			isa = XCConfigurationList;
			buildConfigurations = (
				40555D5C29B98AF5001422E1 /* Debug */,
				40555D5D29B98AF5001422E1 /* Release */,
			);
			defaultConfigurationIsVisible = 0;
			defaultConfigurationName = Release;
		};
		40555D5E29B98AF5001422E1 /* Build configuration list for PBXNativeTarget "Tabula" */ = {
			isa = XCConfigurationList;
			buildConfigurations = (
				40555D5F29B98AF5001422E1 /* Debug */,
				40555D6029B98AF5001422E1 /* Release */,
			);
			defaultConfigurationIsVisible = 0;
			defaultConfigurationName = Release;
		};
/* End XCConfigurationList section */
	};
	rootObject = 40555D4429B98AF3001422E1 /* Project object */;
}
